
Microsoft Visual Studio Solution File, Format Version 12.00
# Visual Studio Version 16
VisualStudioVersion = 16.0.30907.101
MinimumVisualStudioVersion = 10.0.40219.1
Project("{FAE04EC0-301F-11D3-BF4B-00C04F79EFBC}") = "Final Project", "Final Project\Final Project.csproj", "{6CC4D25A-BD9E-48D7-9958-F24E2B2C2E61}"
EndProject
Global
	GlobalSection(SolutionConfigurationPlatforms) = preSolution
		Debug|Any CPU = Debug|Any CPU
		Release|Any CPU = Release|Any CPU
	EndGlobalSection
	GlobalSection(ProjectConfigurationPlatforms) = postSolution
		{6CC4D25A-BD9E-48D7-9958-F24E2B2C2E61}.Debug|Any CPU.ActiveCfg = Debug|Any CPU
		{6CC4D25A-BD9E-48D7-9958-F24E2B2C2E61}.Debug|Any CPU.Build.0 = Debug|Any CPU
		{6CC4D25A-BD9E-48D7-9958-F24E2B2C2E61}.Release|Any CPU.ActiveCfg = Release|Any CPU
		{6CC4D25A-BD9E-48D7-9958-F24E2B2C2E61}.Release|Any CPU.Build.0 = Release|Any CPU
	EndGlobalSection
	GlobalSection(SolutionProperties) = preSolution
		HideSolutionNode = FALSE
	EndGlobalSection
	GlobalSection(ExtensibilityGlobals) = postSolution
		SolutionGuid = {48FF23A4-7217-49B6-9DD9-D49E2850E5D3}
	EndGlobalSection
EndGlobal
